
Microsoft Visual Studio Solution File, Format Version 12.00
# Visual Studio 14
VisualStudioVersion = 14.0.25123.0
MinimumVisualStudioVersion = 10.0.40219.1
Project("{FAE04EC0-301F-11D3-BF4B-00C04F79EFBC}") = "Imperatur_v2", "Imperatur_v2\Imperatur_v2.csproj", "{5700C234-AFDA-4B4A-B59C-A36EC1DB0424}"
EndProject
Project("{FAE04EC0-301F-11D3-BF4B-00C04F79EFBC}") = "Imperatur Market Client", "Imperatur Market Client\Imperatur Market Client.csproj", "{8DC0A9FF-7687-4E7E-A865-595169AA9A6D}"
EndProject
Project("{FAE04EC0-301F-11D3-BF4B-00C04F79EFBC}") = "ImperaturService", "ImperaturService\ImperaturService.csproj", "{4A9341C0-746D-4D8B-8EFE-53294B684814}"
EndProject
Project("{FAE04EC0-301F-11D3-BF4B-00C04F79EFBC}") = "Imperatur Market Core", "Imperatur Market Core\Imperatur Market Core.csproj", "{0AE80A9A-E5BA-4B88-B5D9-E8C8BD6EAB00}"
EndProject
Project("{FAE04EC0-301F-11D3-BF4B-00C04F79EFBC}") = "ImperaturConsole", "ImperaturConsole\ImperaturConsole.csproj", "{76B3A619-E944-4761-9076-92D76EFAE1C4}"
EndProject
Global
	GlobalSection(SolutionConfigurationPlatforms) = preSolution
		Debug|Any CPU = Debug|Any CPU
		Release|Any CPU = Release|Any CPU
	EndGlobalSection
	GlobalSection(ProjectConfigurationPlatforms) = postSolution
		{5700C234-AFDA-4B4A-B59C-A36EC1DB0424}.Debug|Any CPU.ActiveCfg = Debug|Any CPU
		{5700C234-AFDA-4B4A-B59C-A36EC1DB0424}.Debug|Any CPU.Build.0 = Debug|Any CPU
		{5700C234-AFDA-4B4A-B59C-A36EC1DB0424}.Release|Any CPU.ActiveCfg = Release|Any CPU
		{5700C234-AFDA-4B4A-B59C-A36EC1DB0424}.Release|Any CPU.Build.0 = Release|Any CPU
		{8DC0A9FF-7687-4E7E-A865-595169AA9A6D}.Debug|Any CPU.ActiveCfg = Debug|Any CPU
		{8DC0A9FF-7687-4E7E-A865-595169AA9A6D}.Debug|Any CPU.Build.0 = Debug|Any CPU
		{8DC0A9FF-7687-4E7E-A865-595169AA9A6D}.Release|Any CPU.ActiveCfg = Release|Any CPU
		{8DC0A9FF-7687-4E7E-A865-595169AA9A6D}.Release|Any CPU.Build.0 = Release|Any CPU
		{4A9341C0-746D-4D8B-8EFE-53294B684814}.Debug|Any CPU.ActiveCfg = Debug|Any CPU
		{4A9341C0-746D-4D8B-8EFE-53294B684814}.Debug|Any CPU.Build.0 = Debug|Any CPU
		{4A9341C0-746D-4D8B-8EFE-53294B684814}.Release|Any CPU.ActiveCfg = Release|Any CPU
		{4A9341C0-746D-4D8B-8EFE-53294B684814}.Release|Any CPU.Build.0 = Release|Any CPU
		{0AE80A9A-E5BA-4B88-B5D9-E8C8BD6EAB00}.Debug|Any CPU.ActiveCfg = Debug|Any CPU
		{0AE80A9A-E5BA-4B88-B5D9-E8C8BD6EAB00}.Debug|Any CPU.Build.0 = Debug|Any CPU
		{0AE80A9A-E5BA-4B88-B5D9-E8C8BD6EAB00}.Release|Any CPU.ActiveCfg = Release|Any CPU
		{0AE80A9A-E5BA-4B88-B5D9-E8C8BD6EAB00}.Release|Any CPU.Build.0 = Release|Any CPU
		{76B3A619-E944-4761-9076-92D76EFAE1C4}.Debug|Any CPU.ActiveCfg = Debug|Any CPU
		{76B3A619-E944-4761-9076-92D76EFAE1C4}.Debug|Any CPU.Build.0 = Debug|Any CPU
		{76B3A619-E944-4761-9076-92D76EFAE1C4}.Release|Any CPU.ActiveCfg = Release|Any CPU
		{76B3A619-E944-4761-9076-92D76EFAE1C4}.Release|Any CPU.Build.0 = Release|Any CPU
	EndGlobalSection
	GlobalSection(SolutionProperties) = preSolution
		HideSolutionNode = FALSE
	EndGlobalSection
EndGlobal
